
Microsoft Visual Studio Solution File, Format Version 12.00
# Visual Studio Version 16
VisualStudioVersion = 16.0.31424.327
MinimumVisualStudioVersion = 10.0.40219.1
Project("{FAE04EC0-301F-11D3-BF4B-00C04F79EFBC}") = "DCMS", "DCMS\DCMS.csproj", "{8B0352A6-A3F2-48E7-8386-5E140B074F33}"
EndProject
Project("{9A19103F-16F7-4668-BE54-9A1E7A4F7556}") = "DCMSServices", "DCMSServices\DCMSServices.csproj", "{C6DDFD12-1397-4532-8516-F28A6F9318ED}"
EndProject
Project("{FAE04EC0-301F-11D3-BF4B-00C04F79EFBC}") = "WhatsNew_TWS", "WhatsNew_TWS\WhatsNew_TWS.csproj", "{9B1A2982-6B1E-4219-BAB4-15E15F8F7EAA}"
EndProject
Global
	GlobalSection(SolutionConfigurationPlatforms) = preSolution
		Debug|Any CPU = Debug|Any CPU
		Release|Any CPU = Release|Any CPU
	EndGlobalSection
	GlobalSection(ProjectConfigurationPlatforms) = postSolution
		{8B0352A6-A3F2-48E7-8386-5E140B074F33}.Debug|Any CPU.ActiveCfg = Debug|Any CPU
		{8B0352A6-A3F2-48E7-8386-5E140B074F33}.Debug|Any CPU.Build.0 = Debug|Any CPU
		{8B0352A6-A3F2-48E7-8386-5E140B074F33}.Release|Any CPU.ActiveCfg = Release|Any CPU
		{8B0352A6-A3F2-48E7-8386-5E140B074F33}.Release|Any CPU.Build.0 = Release|Any CPU
		{C6DDFD12-1397-4532-8516-F28A6F9318ED}.Debug|Any CPU.ActiveCfg = Debug|Any CPU
		{C6DDFD12-1397-4532-8516-F28A6F9318ED}.Debug|Any CPU.Build.0 = Debug|Any CPU
		{C6DDFD12-1397-4532-8516-F28A6F9318ED}.Release|Any CPU.ActiveCfg = Release|Any CPU
		{C6DDFD12-1397-4532-8516-F28A6F9318ED}.Release|Any CPU.Build.0 = Release|Any CPU
		{9B1A2982-6B1E-4219-BAB4-15E15F8F7EAA}.Debug|Any CPU.ActiveCfg = Debug|Any CPU
		{9B1A2982-6B1E-4219-BAB4-15E15F8F7EAA}.Debug|Any CPU.Build.0 = Debug|Any CPU
		{9B1A2982-6B1E-4219-BAB4-15E15F8F7EAA}.Release|Any CPU.ActiveCfg = Release|Any CPU
		{9B1A2982-6B1E-4219-BAB4-15E15F8F7EAA}.Release|Any CPU.Build.0 = Release|Any CPU
	EndGlobalSection
	GlobalSection(SolutionProperties) = preSolution
		HideSolutionNode = FALSE
	EndGlobalSection
	GlobalSection(ExtensibilityGlobals) = postSolution
		SolutionGuid = {3A69BABD-629A-4C97-987F-9D569D0B1779}
	EndGlobalSection
EndGlobal
